// !$*UTF8*$!
{
	archiveVersion = 1;
	classes = {
	};
	objectVersion = 56;
	objects = {

/* Begin PBXBuildFile section */
		6322CD7829E0270D00CF3027 /* BackgroundBootcamp.swift in Sources */ = {isa = PBXBuildFile; fileRef = 6322CD7729E0270C00CF3027 /* BackgroundBootcamp.swift */; };
		633FF42129E5586A004AA3CE /* BackgroundAndOverlay.swift in Sources */ = {isa = PBXBuildFile; fileRef = 633FF42029E5586A004AA3CE /* BackgroundAndOverlay.swift */; };
		634F08AD29E800A700DE8CDF /* InitializerBootcamp.swift in Sources */ = {isa = PBXBuildFile; fileRef = 634F08AC29E800A700DE8CDF /* InitializerBootcamp.swift */; };
		636C5B2829D5809100EDDC72 /* ColorsBootcamp.swift in Sources */ = {isa = PBXBuildFile; fileRef = 636C5B2729D5809100EDDC72 /* ColorsBootcamp.swift */; };
		637E36A829D6AC5300C0DB38 /* GradientBootcamp.swift in Sources */ = {isa = PBXBuildFile; fileRef = 637E36A729D6AC5300C0DB38 /* GradientBootcamp.swift */; };
		637E36AA29D6B64100C0DB38 /* IconsBootcamp.swift in Sources */ = {isa = PBXBuildFile; fileRef = 637E36A929D6B64100C0DB38 /* IconsBootcamp.swift */; };
		637E36AC29D6D9C900C0DB38 /* ImageBootcamp.swift in Sources */ = {isa = PBXBuildFile; fileRef = 637E36AB29D6D9C900C0DB38 /* ImageBootcamp.swift */; };
		637E36AE29D6EF4000C0DB38 /* FramesBootcamp.swift in Sources */ = {isa = PBXBuildFile; fileRef = 637E36AD29D6EF4000C0DB38 /* FramesBootcamp.swift */; };
		63A05ADA29D40A72002F0FFF /* SwiftUIBootCampApp.swift in Sources */ = {isa = PBXBuildFile; fileRef = 63A05AD929D40A72002F0FFF /* SwiftUIBootCampApp.swift */; };
		63A05ADC29D40A72002F0FFF /* ContentView.swift in Sources */ = {isa = PBXBuildFile; fileRef = 63A05ADB29D40A72002F0FFF /* ContentView.swift */; };
		63A05ADE29D40A74002F0FFF /* Assets.xcassets in Resources */ = {isa = PBXBuildFile; fileRef = 63A05ADD29D40A74002F0FFF /* Assets.xcassets */; };
		63A05AE129D40A74002F0FFF /* Preview Assets.xcassets in Resources */ = {isa = PBXBuildFile; fileRef = 63A05AE029D40A74002F0FFF /* Preview Assets.xcassets */; };
		63A05AEB29D40A75002F0FFF /* SwiftUIBootCampTests.swift in Sources */ = {isa = PBXBuildFile; fileRef = 63A05AEA29D40A75002F0FFF /* SwiftUIBootCampTests.swift */; };
		63A05AF529D40A75002F0FFF /* SwiftUIBootCampUITests.swift in Sources */ = {isa = PBXBuildFile; fileRef = 63A05AF429D40A75002F0FFF /* SwiftUIBootCampUITests.swift */; };
		63A05AF729D40A75002F0FFF /* SwiftUIBootCampUITestsLaunchTests.swift in Sources */ = {isa = PBXBuildFile; fileRef = 63A05AF629D40A75002F0FFF /* SwiftUIBootCampUITestsLaunchTests.swift */; };
		63A05B0429D426B5002F0FFF /* TextBootcamp.swift in Sources */ = {isa = PBXBuildFile; fileRef = 63A05B0329D426B5002F0FFF /* TextBootcamp.swift */; };
		63A05B0629D44166002F0FFF /* ShapesBootcamp.swift in Sources */ = {isa = PBXBuildFile; fileRef = 63A05B0529D44166002F0FFF /* ShapesBootcamp.swift */; };
		63F2D59729E68FED00326255 /* StacksBootcamp.swift in Sources */ = {isa = PBXBuildFile; fileRef = 63F2D59629E68FED00326255 /* StacksBootcamp.swift */; };
		63F2D59929E6ACE100326255 /* PaddingAndSpacerBootcamp.swift in Sources */ = {isa = PBXBuildFile; fileRef = 63F2D59829E6ACE100326255 /* PaddingAndSpacerBootcamp.swift */; };
		DF0A1B242ADF987B00FBD23D /* SafeAreaBootcamp.swift in Sources */ = {isa = PBXBuildFile; fileRef = DF0A1B232ADF987B00FBD23D /* SafeAreaBootcamp.swift */; };
		DF0A1B262ADFB38F00FBD23D /* ButtonsBootCamp.swift in Sources */ = {isa = PBXBuildFile; fileRef = DF0A1B252ADFB38F00FBD23D /* ButtonsBootCamp.swift */; };
		DF0A1B282ADFF64700FBD23D /* StateBootCamp.swift in Sources */ = {isa = PBXBuildFile; fileRef = DF0A1B272ADFF64700FBD23D /* StateBootCamp.swift */; };
		DF11B2952AF0DDDC001EBAC3 /* StepperBootcamp.swift in Sources */ = {isa = PBXBuildFile; fileRef = DF11B2942AF0DDDC001EBAC3 /* StepperBootcamp.swift */; };
		DF11B2982AF0F5DB001EBAC3 /* SliderBootcamp.swift in Sources */ = {isa = PBXBuildFile; fileRef = DF11B2972AF0F5DB001EBAC3 /* SliderBootcamp.swift */; };
		DF11B29A2AF104AD001EBAC3 /* TabViewPageTabViewBootcamp.swift in Sources */ = {isa = PBXBuildFile; fileRef = DF11B2992AF104AD001EBAC3 /* TabViewPageTabViewBootcamp.swift */; };
		DF14C7B22ADE3C76006A26F7 /* LazyVHGridBootCamp.swift in Sources */ = {isa = PBXBuildFile; fileRef = DF14C7B12ADE3C76006A26F7 /* LazyVHGridBootCamp.swift */; };
		DF202E482ADD3E3F00EC353D /* ScrollViewBootCamp.swift in Sources */ = {isa = PBXBuildFile; fileRef = DF202E472ADD3E3F00EC353D /* ScrollViewBootCamp.swift */; };
		DF2AFF732AE9319400894933 /* AlertBootcamp.swift in Sources */ = {isa = PBXBuildFile; fileRef = DF2AFF722AE9319400894933 /* AlertBootcamp.swift */; };
		DF2C1FE32AF9FC5400559D3A /* IfLetGuardBootcamp.swift in Sources */ = {isa = PBXBuildFile; fileRef = DF2C1FE22AF9FC5400559D3A /* IfLetGuardBootcamp.swift */; };
		DF2C1FE52AFA15A500559D3A /* TapGestureBootcamp.swift in Sources */ = {isa = PBXBuildFile; fileRef = DF2C1FE42AFA15A500559D3A /* TapGestureBootcamp.swift */; };
		DF3A059B2AFCAFC700A8729C /* ViewModelBootcamp.swift in Sources */ = {isa = PBXBuildFile; fileRef = DF3A059A2AFCAFC700A8729C /* ViewModelBootcamp.swift */; };
		DF65B3EC2AE62B6F00D7ABBA /* TransitionBootCamp.swift in Sources */ = {isa = PBXBuildFile; fileRef = DF65B3EB2AE62B6F00D7ABBA /* TransitionBootCamp.swift */; };
		DF65B3EE2AE6452000D7ABBA /* PopUpSheetBootCamp.swift in Sources */ = {isa = PBXBuildFile; fileRef = DF65B3ED2AE6452000D7ABBA /* PopUpSheetBootCamp.swift */; };
		DF76DE832AF3BA3D007C28E5 /* DarkModeBootcamp.swift in Sources */ = {isa = PBXBuildFile; fileRef = DF76DE822AF3BA3D007C28E5 /* DarkModeBootcamp.swift */; };
		DF97A7F02AE25745000E0A2E /* AnimationBootCamp.swift in Sources */ = {isa = PBXBuildFile; fileRef = DF97A7EF2AE25745000E0A2E /* AnimationBootCamp.swift */; };
		DF97A7F22AE29BA6000E0A2E /* AnimationTimingBootCamp.swift in Sources */ = {isa = PBXBuildFile; fileRef = DF97A7F12AE29BA6000E0A2E /* AnimationTimingBootCamp.swift */; };
		DFA735D52AFE3C3200E1F924 /* EnvObjBootcamp.swift in Sources */ = {isa = PBXBuildFile; fileRef = DFA735D42AFE3C3200E1F924 /* EnvObjBootcamp.swift */; };
		DFB64AD42AFA4F2E00392B3A /* ModelBootcamp.swift in Sources */ = {isa = PBXBuildFile; fileRef = DFB64AD32AFA4F2E00392B3A /* ModelBootcamp.swift */; };
		DFBF43E22AEA183A00AD7792 /* ActionSheetBootcamp.swift in Sources */ = {isa = PBXBuildFile; fileRef = DFBF43E12AEA183A00AD7792 /* ActionSheetBootcamp.swift */; };
		DFBF43E42AEA44AA00AD7792 /* ContextMenuBootcamp.swift in Sources */ = {isa = PBXBuildFile; fileRef = DFBF43E32AEA44AA00AD7792 /* ContextMenuBootcamp.swift */; };
		DFBF43E62AEA6BBA00AD7792 /* TextFieldBootcamp.swift in Sources */ = {isa = PBXBuildFile; fileRef = DFBF43E52AEA6BBA00AD7792 /* TextFieldBootcamp.swift */; };
		DFCCD0D52AE79AF7007501E8 /* NavigationViewBootCamp.swift in Sources */ = {isa = PBXBuildFile; fileRef = DFCCD0D42AE79AF7007501E8 /* NavigationViewBootCamp.swift */; };
		DFCCD0D72AE7CD73007501E8 /* ListBootCamp.swift in Sources */ = {isa = PBXBuildFile; fileRef = DFCCD0D62AE7CD73007501E8 /* ListBootCamp.swift */; };
		DFD379432AE101BC00C80748 /* FunctionViewBootcamp.swift in Sources */ = {isa = PBXBuildFile; fileRef = DFD379422AE101BC00C80748 /* FunctionViewBootcamp.swift */; };
		DFD379452AE1247500C80748 /* SubViewBootCamp.swift in Sources */ = {isa = PBXBuildFile; fileRef = DFD379442AE1247500C80748 /* SubViewBootCamp.swift */; };
		DFD379472AE13A6E00C80748 /* BindingBootCamp.swift in Sources */ = {isa = PBXBuildFile; fileRef = DFD379462AE13A6E00C80748 /* BindingBootCamp.swift */; };
		DFD83EA42AF50BA4009AB770 /* MarkUpsDocBootcamp.swift in Sources */ = {isa = PBXBuildFile; fileRef = DFD83EA32AF50BA4009AB770 /* MarkUpsDocBootcamp.swift */; };
		DFDD82262AEB6FF4000D133B /* TextEditorBootcamp.swift in Sources */ = {isa = PBXBuildFile; fileRef = DFDD82252AEB6FF4000D133B /* TextEditorBootcamp.swift */; };
		DFDD82282AEB7A2C000D133B /* ToggleBootcamp.swift in Sources */ = {isa = PBXBuildFile; fileRef = DFDD82272AEB7A2C000D133B /* ToggleBootcamp.swift */; };
		DFDD822A2AEBAB99000D133B /* PickerBootcamp.swift in Sources */ = {isa = PBXBuildFile; fileRef = DFDD82292AEBAB99000D133B /* PickerBootcamp.swift */; };
		DFDD822C2AEBC986000D133B /* ColorPickerBootCamp.swift in Sources */ = {isa = PBXBuildFile; fileRef = DFDD822B2AEBC986000D133B /* ColorPickerBootCamp.swift */; };
		DFF5FF392AF8DD03003A8643 /* OnAppearBootcamp.swift in Sources */ = {isa = PBXBuildFile; fileRef = DFF5FF382AF8DD03003A8643 /* OnAppearBootcamp.swift */; };
		DFFE2E712AD7EADD0072D973 /* ForEachBootCamp.swift in Sources */ = {isa = PBXBuildFile; fileRef = DFFE2E702AD7EADD0072D973 /* ForEachBootCamp.swift */; };
		DFFED5AB2AEFC4C7008DAD54 /* DataPickerBootcamp.swift in Sources */ = {isa = PBXBuildFile; fileRef = DFFED5AA2AEFC4C7008DAD54 /* DataPickerBootcamp.swift */; };
/* End PBXBuildFile section */

/* Begin PBXContainerItemProxy section */
		63A05AE729D40A75002F0FFF /* PBXContainerItemProxy */ = {
			isa = PBXContainerItemProxy;
			containerPortal = 63A05ACE29D40A72002F0FFF /* Project object */;
			proxyType = 1;
			remoteGlobalIDString = 63A05AD529D40A72002F0FFF;
			remoteInfo = SwiftUIBootCamp;
		};
		63A05AF129D40A75002F0FFF /* PBXContainerItemProxy */ = {
			isa = PBXContainerItemProxy;
			containerPortal = 63A05ACE29D40A72002F0FFF /* Project object */;
			proxyType = 1;
			remoteGlobalIDString = 63A05AD529D40A72002F0FFF;
			remoteInfo = SwiftUIBootCamp;
		};
/* End PBXContainerItemProxy section */

/* Begin PBXFileReference section */
		6322CD7729E0270C00CF3027 /* BackgroundBootcamp.swift */ = {isa = PBXFileReference; lastKnownFileType = sourcecode.swift; path = BackgroundBootcamp.swift; sourceTree = "<group>"; };
		633FF42029E5586A004AA3CE /* BackgroundAndOverlay.swift */ = {isa = PBXFileReference; lastKnownFileType = sourcecode.swift; path = BackgroundAndOverlay.swift; sourceTree = "<group>"; };
		634F08AC29E800A700DE8CDF /* InitializerBootcamp.swift */ = {isa = PBXFileReference; lastKnownFileType = sourcecode.swift; path = InitializerBootcamp.swift; sourceTree = "<group>"; };
		636C5B2729D5809100EDDC72 /* ColorsBootcamp.swift */ = {isa = PBXFileReference; lastKnownFileType = sourcecode.swift; path = ColorsBootcamp.swift; sourceTree = "<group>"; };
		637E36A729D6AC5300C0DB38 /* GradientBootcamp.swift */ = {isa = PBXFileReference; lastKnownFileType = sourcecode.swift; path = GradientBootcamp.swift; sourceTree = "<group>"; };
		637E36A929D6B64100C0DB38 /* IconsBootcamp.swift */ = {isa = PBXFileReference; lastKnownFileType = sourcecode.swift; path = IconsBootcamp.swift; sourceTree = "<group>"; };
		637E36AB29D6D9C900C0DB38 /* ImageBootcamp.swift */ = {isa = PBXFileReference; lastKnownFileType = sourcecode.swift; path = ImageBootcamp.swift; sourceTree = "<group>"; };
		637E36AD29D6EF4000C0DB38 /* FramesBootcamp.swift */ = {isa = PBXFileReference; lastKnownFileType = sourcecode.swift; path = FramesBootcamp.swift; sourceTree = "<group>"; };
		63A05AD629D40A72002F0FFF /* SwiftUIBootCamp.app */ = {isa = PBXFileReference; explicitFileType = wrapper.application; includeInIndex = 0; path = SwiftUIBootCamp.app; sourceTree = BUILT_PRODUCTS_DIR; };
		63A05AD929D40A72002F0FFF /* SwiftUIBootCampApp.swift */ = {isa = PBXFileReference; lastKnownFileType = sourcecode.swift; path = SwiftUIBootCampApp.swift; sourceTree = "<group>"; };
		63A05ADB29D40A72002F0FFF /* ContentView.swift */ = {isa = PBXFileReference; lastKnownFileType = sourcecode.swift; path = ContentView.swift; sourceTree = "<group>"; };
		63A05ADD29D40A74002F0FFF /* Assets.xcassets */ = {isa = PBXFileReference; lastKnownFileType = folder.assetcatalog; path = Assets.xcassets; sourceTree = "<group>"; };
		63A05AE029D40A74002F0FFF /* Preview Assets.xcassets */ = {isa = PBXFileReference; lastKnownFileType = folder.assetcatalog; path = "Preview Assets.xcassets"; sourceTree = "<group>"; };
		63A05AE629D40A75002F0FFF /* SwiftUIBootCampTests.xctest */ = {isa = PBXFileReference; explicitFileType = wrapper.cfbundle; includeInIndex = 0; path = SwiftUIBootCampTests.xctest; sourceTree = BUILT_PRODUCTS_DIR; };
		63A05AEA29D40A75002F0FFF /* SwiftUIBootCampTests.swift */ = {isa = PBXFileReference; lastKnownFileType = sourcecode.swift; path = SwiftUIBootCampTests.swift; sourceTree = "<group>"; };
		63A05AF029D40A75002F0FFF /* SwiftUIBootCampUITests.xctest */ = {isa = PBXFileReference; explicitFileType = wrapper.cfbundle; includeInIndex = 0; path = SwiftUIBootCampUITests.xctest; sourceTree = BUILT_PRODUCTS_DIR; };
		63A05AF429D40A75002F0FFF /* SwiftUIBootCampUITests.swift */ = {isa = PBXFileReference; lastKnownFileType = sourcecode.swift; path = SwiftUIBootCampUITests.swift; sourceTree = "<group>"; };
		63A05AF629D40A75002F0FFF /* SwiftUIBootCampUITestsLaunchTests.swift */ = {isa = PBXFileReference; lastKnownFileType = sourcecode.swift; path = SwiftUIBootCampUITestsLaunchTests.swift; sourceTree = "<group>"; };
		63A05B0329D426B5002F0FFF /* TextBootcamp.swift */ = {isa = PBXFileReference; lastKnownFileType = sourcecode.swift; path = TextBootcamp.swift; sourceTree = "<group>"; };
		63A05B0529D44166002F0FFF /* ShapesBootcamp.swift */ = {isa = PBXFileReference; lastKnownFileType = sourcecode.swift; path = ShapesBootcamp.swift; sourceTree = "<group>"; };
		63F2D59629E68FED00326255 /* StacksBootcamp.swift */ = {isa = PBXFileReference; lastKnownFileType = sourcecode.swift; path = StacksBootcamp.swift; sourceTree = "<group>"; };
		63F2D59829E6ACE100326255 /* PaddingAndSpacerBootcamp.swift */ = {isa = PBXFileReference; lastKnownFileType = sourcecode.swift; path = PaddingAndSpacerBootcamp.swift; sourceTree = "<group>"; };
		DF0A1B232ADF987B00FBD23D /* SafeAreaBootcamp.swift */ = {isa = PBXFileReference; lastKnownFileType = sourcecode.swift; path = SafeAreaBootcamp.swift; sourceTree = "<group>"; };
		DF0A1B252ADFB38F00FBD23D /* ButtonsBootCamp.swift */ = {isa = PBXFileReference; lastKnownFileType = sourcecode.swift; path = ButtonsBootCamp.swift; sourceTree = "<group>"; };
		DF0A1B272ADFF64700FBD23D /* StateBootCamp.swift */ = {isa = PBXFileReference; lastKnownFileType = sourcecode.swift; path = StateBootCamp.swift; sourceTree = "<group>"; };
		DF11B2942AF0DDDC001EBAC3 /* StepperBootcamp.swift */ = {isa = PBXFileReference; lastKnownFileType = sourcecode.swift; path = StepperBootcamp.swift; sourceTree = "<group>"; };
		DF11B2972AF0F5DB001EBAC3 /* SliderBootcamp.swift */ = {isa = PBXFileReference; lastKnownFileType = sourcecode.swift; path = SliderBootcamp.swift; sourceTree = "<group>"; };
		DF11B2992AF104AD001EBAC3 /* TabViewPageTabViewBootcamp.swift */ = {isa = PBXFileReference; lastKnownFileType = sourcecode.swift; path = TabViewPageTabViewBootcamp.swift; sourceTree = "<group>"; };
		DF14C7B12ADE3C76006A26F7 /* LazyVHGridBootCamp.swift */ = {isa = PBXFileReference; lastKnownFileType = sourcecode.swift; path = LazyVHGridBootCamp.swift; sourceTree = "<group>"; };
		DF202E472ADD3E3F00EC353D /* ScrollViewBootCamp.swift */ = {isa = PBXFileReference; lastKnownFileType = sourcecode.swift; path = ScrollViewBootCamp.swift; sourceTree = "<group>"; };
		DF2AFF722AE9319400894933 /* AlertBootcamp.swift */ = {isa = PBXFileReference; lastKnownFileType = sourcecode.swift; path = AlertBootcamp.swift; sourceTree = "<group>"; };
		DF2C1FE22AF9FC5400559D3A /* IfLetGuardBootcamp.swift */ = {isa = PBXFileReference; lastKnownFileType = sourcecode.swift; path = IfLetGuardBootcamp.swift; sourceTree = "<group>"; };
		DF2C1FE42AFA15A500559D3A /* TapGestureBootcamp.swift */ = {isa = PBXFileReference; lastKnownFileType = sourcecode.swift; path = TapGestureBootcamp.swift; sourceTree = "<group>"; };
		DF3A059A2AFCAFC700A8729C /* ViewModelBootcamp.swift */ = {isa = PBXFileReference; lastKnownFileType = sourcecode.swift; path = ViewModelBootcamp.swift; sourceTree = "<group>"; };
		DF65B3EB2AE62B6F00D7ABBA /* TransitionBootCamp.swift */ = {isa = PBXFileReference; lastKnownFileType = sourcecode.swift; path = TransitionBootCamp.swift; sourceTree = "<group>"; };
		DF65B3ED2AE6452000D7ABBA /* PopUpSheetBootCamp.swift */ = {isa = PBXFileReference; lastKnownFileType = sourcecode.swift; path = PopUpSheetBootCamp.swift; sourceTree = "<group>"; };
		DF76DE822AF3BA3D007C28E5 /* DarkModeBootcamp.swift */ = {isa = PBXFileReference; lastKnownFileType = sourcecode.swift; path = DarkModeBootcamp.swift; sourceTree = "<group>"; };
		DF97A7EF2AE25745000E0A2E /* AnimationBootCamp.swift */ = {isa = PBXFileReference; lastKnownFileType = sourcecode.swift; path = AnimationBootCamp.swift; sourceTree = "<group>"; };
		DF97A7F12AE29BA6000E0A2E /* AnimationTimingBootCamp.swift */ = {isa = PBXFileReference; lastKnownFileType = sourcecode.swift; path = AnimationTimingBootCamp.swift; sourceTree = "<group>"; };
		DFA735D42AFE3C3200E1F924 /* EnvObjBootcamp.swift */ = {isa = PBXFileReference; lastKnownFileType = sourcecode.swift; path = EnvObjBootcamp.swift; sourceTree = "<group>"; };
		DFB64AD32AFA4F2E00392B3A /* ModelBootcamp.swift */ = {isa = PBXFileReference; lastKnownFileType = sourcecode.swift; path = ModelBootcamp.swift; sourceTree = "<group>"; };
		DFBF43E12AEA183A00AD7792 /* ActionSheetBootcamp.swift */ = {isa = PBXFileReference; lastKnownFileType = sourcecode.swift; path = ActionSheetBootcamp.swift; sourceTree = "<group>"; };
		DFBF43E32AEA44AA00AD7792 /* ContextMenuBootcamp.swift */ = {isa = PBXFileReference; lastKnownFileType = sourcecode.swift; path = ContextMenuBootcamp.swift; sourceTree = "<group>"; };
		DFBF43E52AEA6BBA00AD7792 /* TextFieldBootcamp.swift */ = {isa = PBXFileReference; lastKnownFileType = sourcecode.swift; path = TextFieldBootcamp.swift; sourceTree = "<group>"; };
		DFCCD0D42AE79AF7007501E8 /* NavigationViewBootCamp.swift */ = {isa = PBXFileReference; lastKnownFileType = sourcecode.swift; path = NavigationViewBootCamp.swift; sourceTree = "<group>"; };
		DFCCD0D62AE7CD73007501E8 /* ListBootCamp.swift */ = {isa = PBXFileReference; lastKnownFileType = sourcecode.swift; path = ListBootCamp.swift; sourceTree = "<group>"; };
		DFD379422AE101BC00C80748 /* FunctionViewBootcamp.swift */ = {isa = PBXFileReference; lastKnownFileType = sourcecode.swift; path = FunctionViewBootcamp.swift; sourceTree = "<group>"; };
		DFD379442AE1247500C80748 /* SubViewBootCamp.swift */ = {isa = PBXFileReference; lastKnownFileType = sourcecode.swift; path = SubViewBootCamp.swift; sourceTree = "<group>"; };
		DFD379462AE13A6E00C80748 /* BindingBootCamp.swift */ = {isa = PBXFileReference; lastKnownFileType = sourcecode.swift; path = BindingBootCamp.swift; sourceTree = "<group>"; };
		DFD83EA32AF50BA4009AB770 /* MarkUpsDocBootcamp.swift */ = {isa = PBXFileReference; lastKnownFileType = sourcecode.swift; path = MarkUpsDocBootcamp.swift; sourceTree = "<group>"; };
		DFDD82252AEB6FF4000D133B /* TextEditorBootcamp.swift */ = {isa = PBXFileReference; lastKnownFileType = sourcecode.swift; path = TextEditorBootcamp.swift; sourceTree = "<group>"; };
		DFDD82272AEB7A2C000D133B /* ToggleBootcamp.swift */ = {isa = PBXFileReference; lastKnownFileType = sourcecode.swift; path = ToggleBootcamp.swift; sourceTree = "<group>"; };
		DFDD82292AEBAB99000D133B /* PickerBootcamp.swift */ = {isa = PBXFileReference; lastKnownFileType = sourcecode.swift; path = PickerBootcamp.swift; sourceTree = "<group>"; };
		DFDD822B2AEBC986000D133B /* ColorPickerBootCamp.swift */ = {isa = PBXFileReference; lastKnownFileType = sourcecode.swift; path = ColorPickerBootCamp.swift; sourceTree = "<group>"; };
		DFF5FF382AF8DD03003A8643 /* OnAppearBootcamp.swift */ = {isa = PBXFileReference; lastKnownFileType = sourcecode.swift; path = OnAppearBootcamp.swift; sourceTree = "<group>"; };
		DFFE2E702AD7EADD0072D973 /* ForEachBootCamp.swift */ = {isa = PBXFileReference; lastKnownFileType = sourcecode.swift; path = ForEachBootCamp.swift; sourceTree = "<group>"; };
		DFFED5AA2AEFC4C7008DAD54 /* DataPickerBootcamp.swift */ = {isa = PBXFileReference; lastKnownFileType = sourcecode.swift; path = DataPickerBootcamp.swift; sourceTree = "<group>"; };
/* End PBXFileReference section */

/* Begin PBXFrameworksBuildPhase section */
		63A05AD329D40A72002F0FFF /* Frameworks */ = {
			isa = PBXFrameworksBuildPhase;
			buildActionMask = 2147483647;
			files = (
			);
			runOnlyForDeploymentPostprocessing = 0;
		};
		63A05AE329D40A75002F0FFF /* Frameworks */ = {
			isa = PBXFrameworksBuildPhase;
			buildActionMask = 2147483647;
			files = (
			);
			runOnlyForDeploymentPostprocessing = 0;
		};
		63A05AED29D40A75002F0FFF /* Frameworks */ = {
			isa = PBXFrameworksBuildPhase;
			buildActionMask = 2147483647;
			files = (
			);
			runOnlyForDeploymentPostprocessing = 0;
		};
/* End PBXFrameworksBuildPhase section */

/* Begin PBXGroup section */
		63A05ACD29D40A72002F0FFF = {
			isa = PBXGroup;
			children = (
				63A05AD829D40A72002F0FFF /* SwiftUIBootCamp */,
				63A05AE929D40A75002F0FFF /* SwiftUIBootCampTests */,
				63A05AF329D40A75002F0FFF /* SwiftUIBootCampUITests */,
				63A05AD729D40A72002F0FFF /* Products */,
			);
			sourceTree = "<group>";
		};
		63A05AD729D40A72002F0FFF /* Products */ = {
			isa = PBXGroup;
			children = (
				63A05AD629D40A72002F0FFF /* SwiftUIBootCamp.app */,
				63A05AE629D40A75002F0FFF /* SwiftUIBootCampTests.xctest */,
				63A05AF029D40A75002F0FFF /* SwiftUIBootCampUITests.xctest */,
			);
			name = Products;
			sourceTree = "<group>";
		};
		63A05AD829D40A72002F0FFF /* SwiftUIBootCamp */ = {
			isa = PBXGroup;
			children = (
				63A05AD929D40A72002F0FFF /* SwiftUIBootCampApp.swift */,
				63A05ADB29D40A72002F0FFF /* ContentView.swift */,
				63A05B0329D426B5002F0FFF /* TextBootcamp.swift */,
				63A05B0529D44166002F0FFF /* ShapesBootcamp.swift */,
				636C5B2729D5809100EDDC72 /* ColorsBootcamp.swift */,
				637E36A729D6AC5300C0DB38 /* GradientBootcamp.swift */,
				637E36A929D6B64100C0DB38 /* IconsBootcamp.swift */,
				637E36AB29D6D9C900C0DB38 /* ImageBootcamp.swift */,
				637E36AD29D6EF4000C0DB38 /* FramesBootcamp.swift */,
				6322CD7729E0270C00CF3027 /* BackgroundBootcamp.swift */,
				633FF42029E5586A004AA3CE /* BackgroundAndOverlay.swift */,
				63F2D59629E68FED00326255 /* StacksBootcamp.swift */,
				63F2D59829E6ACE100326255 /* PaddingAndSpacerBootcamp.swift */,
				634F08AC29E800A700DE8CDF /* InitializerBootcamp.swift */,
				DFFE2E702AD7EADD0072D973 /* ForEachBootCamp.swift */,
				DF202E472ADD3E3F00EC353D /* ScrollViewBootCamp.swift */,
				DF14C7B12ADE3C76006A26F7 /* LazyVHGridBootCamp.swift */,
				DF0A1B232ADF987B00FBD23D /* SafeAreaBootcamp.swift */,
				DF0A1B252ADFB38F00FBD23D /* ButtonsBootCamp.swift */,
				DF0A1B272ADFF64700FBD23D /* StateBootCamp.swift */,
				DFD379422AE101BC00C80748 /* FunctionViewBootcamp.swift */,
				DFD379442AE1247500C80748 /* SubViewBootCamp.swift */,
				DFD379462AE13A6E00C80748 /* BindingBootCamp.swift */,
				DF97A7EF2AE25745000E0A2E /* AnimationBootCamp.swift */,
				DF97A7F12AE29BA6000E0A2E /* AnimationTimingBootCamp.swift */,
				DF65B3EB2AE62B6F00D7ABBA /* TransitionBootCamp.swift */,
				DF65B3ED2AE6452000D7ABBA /* PopUpSheetBootCamp.swift */,
				DFCCD0D42AE79AF7007501E8 /* NavigationViewBootCamp.swift */,
				DFCCD0D62AE7CD73007501E8 /* ListBootCamp.swift */,
				DF2AFF722AE9319400894933 /* AlertBootcamp.swift */,
				DFBF43E12AEA183A00AD7792 /* ActionSheetBootcamp.swift */,
				DFBF43E32AEA44AA00AD7792 /* ContextMenuBootcamp.swift */,
				DFBF43E52AEA6BBA00AD7792 /* TextFieldBootcamp.swift */,
				DFDD82252AEB6FF4000D133B /* TextEditorBootcamp.swift */,
				DFDD82272AEB7A2C000D133B /* ToggleBootcamp.swift */,
				DFDD82292AEBAB99000D133B /* PickerBootcamp.swift */,
				DFDD822B2AEBC986000D133B /* ColorPickerBootCamp.swift */,
				DFFED5AA2AEFC4C7008DAD54 /* DataPickerBootcamp.swift */,
				DF11B2942AF0DDDC001EBAC3 /* StepperBootcamp.swift */,
				DF11B2972AF0F5DB001EBAC3 /* SliderBootcamp.swift */,
				DF11B2992AF104AD001EBAC3 /* TabViewPageTabViewBootcamp.swift */,
				DF76DE822AF3BA3D007C28E5 /* DarkModeBootcamp.swift */,
				DFD83EA32AF50BA4009AB770 /* MarkUpsDocBootcamp.swift */,
				DFF5FF382AF8DD03003A8643 /* OnAppearBootcamp.swift */,
				DF2C1FE22AF9FC5400559D3A /* IfLetGuardBootcamp.swift */,
				DF2C1FE42AFA15A500559D3A /* TapGestureBootcamp.swift */,
				DFB64AD32AFA4F2E00392B3A /* ModelBootcamp.swift */,
				DF3A059A2AFCAFC700A8729C /* ViewModelBootcamp.swift */,
				DFA735D42AFE3C3200E1F924 /* EnvObjBootcamp.swift */,
				DF11B2962AF0F5CF001EBAC3 /* New Group */,
				63A05ADD29D40A74002F0FFF /* Assets.xcassets */,
				63A05ADF29D40A74002F0FFF /* Preview Content */,
			);
			path = SwiftUIBootCamp;
			sourceTree = "<group>";
		};
		63A05ADF29D40A74002F0FFF /* Preview Content */ = {
			isa = PBXGroup;
			children = (
				63A05AE029D40A74002F0FFF /* Preview Assets.xcassets */,
			);
			path = "Preview Content";
			sourceTree = "<group>";
		};
		63A05AE929D40A75002F0FFF /* SwiftUIBootCampTests */ = {
			isa = PBXGroup;
			children = (
				63A05AEA29D40A75002F0FFF /* SwiftUIBootCampTests.swift */,
			);
			path = SwiftUIBootCampTests;
			sourceTree = "<group>";
		};
		63A05AF329D40A75002F0FFF /* SwiftUIBootCampUITests */ = {
			isa = PBXGroup;
			children = (
				63A05AF429D40A75002F0FFF /* SwiftUIBootCampUITests.swift */,
				63A05AF629D40A75002F0FFF /* SwiftUIBootCampUITestsLaunchTests.swift */,
			);
			path = SwiftUIBootCampUITests;
			sourceTree = "<group>";
		};
		DF11B2962AF0F5CF001EBAC3 /* New Group */ = {
			isa = PBXGroup;
			children = (
			);
			path = "New Group";
			sourceTree = "<group>";
		};
/* End PBXGroup section */

/* Begin PBXNativeTarget section */
		63A05AD529D40A72002F0FFF /* SwiftUIBootCamp */ = {
			isa = PBXNativeTarget;
			buildConfigurationList = 63A05AFA29D40A75002F0FFF /* Build configuration list for PBXNativeTarget "SwiftUIBootCamp" */;
			buildPhases = (
				63A05AD229D40A72002F0FFF /* Sources */,
				63A05AD329D40A72002F0FFF /* Frameworks */,
				63A05AD429D40A72002F0FFF /* Resources */,
			);
			buildRules = (
			);
			dependencies = (
			);
			name = SwiftUIBootCamp;
			productName = SwiftUIBootCamp;
			productReference = 63A05AD629D40A72002F0FFF /* SwiftUIBootCamp.app */;
			productType = "com.apple.product-type.application";
		};
		63A05AE529D40A75002F0FFF /* SwiftUIBootCampTests */ = {
			isa = PBXNativeTarget;
			buildConfigurationList = 63A05AFD29D40A75002F0FFF /* Build configuration list for PBXNativeTarget "SwiftUIBootCampTests" */;
			buildPhases = (
				63A05AE229D40A75002F0FFF /* Sources */,
				63A05AE329D40A75002F0FFF /* Frameworks */,
				63A05AE429D40A75002F0FFF /* Resources */,
			);
			buildRules = (
			);
			dependencies = (
				63A05AE829D40A75002F0FFF /* PBXTargetDependency */,
			);
			name = SwiftUIBootCampTests;
			productName = SwiftUIBootCampTests;
			productReference = 63A05AE629D40A75002F0FFF /* SwiftUIBootCampTests.xctest */;
			productType = "com.apple.product-type.bundle.unit-test";
		};
		63A05AEF29D40A75002F0FFF /* SwiftUIBootCampUITests */ = {
			isa = PBXNativeTarget;
			buildConfigurationList = 63A05B0029D40A75002F0FFF /* Build configuration list for PBXNativeTarget "SwiftUIBootCampUITests" */;
			buildPhases = (
				63A05AEC29D40A75002F0FFF /* Sources */,
				63A05AED29D40A75002F0FFF /* Frameworks */,
				63A05AEE29D40A75002F0FFF /* Resources */,
			);
			buildRules = (
			);
			dependencies = (
				63A05AF229D40A75002F0FFF /* PBXTargetDependency */,
			);
			name = SwiftUIBootCampUITests;
			productName = SwiftUIBootCampUITests;
			productReference = 63A05AF029D40A75002F0FFF /* SwiftUIBootCampUITests.xctest */;
			productType = "com.apple.product-type.bundle.ui-testing";
		};
/* End PBXNativeTarget section */

/* Begin PBXProject section */
		63A05ACE29D40A72002F0FFF /* Project object */ = {
			isa = PBXProject;
			attributes = {
				BuildIndependentTargetsInParallel = 1;
				LastSwiftUpdateCheck = 1420;
				LastUpgradeCheck = 1500;
				TargetAttributes = {
					63A05AD529D40A72002F0FFF = {
						CreatedOnToolsVersion = 14.2;
					};
					63A05AE529D40A75002F0FFF = {
						CreatedOnToolsVersion = 14.2;
						TestTargetID = 63A05AD529D40A72002F0FFF;
					};
					63A05AEF29D40A75002F0FFF = {
						CreatedOnToolsVersion = 14.2;
						TestTargetID = 63A05AD529D40A72002F0FFF;
					};
				};
			};
			buildConfigurationList = 63A05AD129D40A72002F0FFF /* Build configuration list for PBXProject "SwiftUIBootCamp" */;
			compatibilityVersion = "Xcode 14.0";
			developmentRegion = en;
			hasScannedForEncodings = 0;
			knownRegions = (
				en,
				Base,
			);
			mainGroup = 63A05ACD29D40A72002F0FFF;
			productRefGroup = 63A05AD729D40A72002F0FFF /* Products */;
			projectDirPath = "";
			projectRoot = "";
			targets = (
				63A05AD529D40A72002F0FFF /* SwiftUIBootCamp */,
				63A05AE529D40A75002F0FFF /* SwiftUIBootCampTests */,
				63A05AEF29D40A75002F0FFF /* SwiftUIBootCampUITests */,
			);
		};
/* End PBXProject section */

/* Begin PBXResourcesBuildPhase section */
		63A05AD429D40A72002F0FFF /* Resources */ = {
			isa = PBXResourcesBuildPhase;
			buildActionMask = 2147483647;
			files = (
				63A05AE129D40A74002F0FFF /* Preview Assets.xcassets in Resources */,
				63A05ADE29D40A74002F0FFF /* Assets.xcassets in Resources */,
			);
			runOnlyForDeploymentPostprocessing = 0;
		};
		63A05AE429D40A75002F0FFF /* Resources */ = {
			isa = PBXResourcesBuildPhase;
			buildActionMask = 2147483647;
			files = (
			);
			runOnlyForDeploymentPostprocessing = 0;
		};
		63A05AEE29D40A75002F0FFF /* Resources */ = {
			isa = PBXResourcesBuildPhase;
			buildActionMask = 2147483647;
			files = (
			);
			runOnlyForDeploymentPostprocessing = 0;
		};
/* End PBXResourcesBuildPhase section */

/* Begin PBXSourcesBuildPhase section */
		63A05AD229D40A72002F0FFF /* Sources */ = {
			isa = PBXSourcesBuildPhase;
			buildActionMask = 2147483647;
			files = (
				DFF5FF392AF8DD03003A8643 /* OnAppearBootcamp.swift in Sources */,
				DF14C7B22ADE3C76006A26F7 /* LazyVHGridBootCamp.swift in Sources */,
				DF76DE832AF3BA3D007C28E5 /* DarkModeBootcamp.swift in Sources */,
				636C5B2829D5809100EDDC72 /* ColorsBootcamp.swift in Sources */,
				DFFE2E712AD7EADD0072D973 /* ForEachBootCamp.swift in Sources */,
				DFBF43E42AEA44AA00AD7792 /* ContextMenuBootcamp.swift in Sources */,
				DFFED5AB2AEFC4C7008DAD54 /* DataPickerBootcamp.swift in Sources */,
				DF2AFF732AE9319400894933 /* AlertBootcamp.swift in Sources */,
				DF202E482ADD3E3F00EC353D /* ScrollViewBootCamp.swift in Sources */,
				DF65B3EE2AE6452000D7ABBA /* PopUpSheetBootCamp.swift in Sources */,
				633FF42129E5586A004AA3CE /* BackgroundAndOverlay.swift in Sources */,
				6322CD7829E0270D00CF3027 /* BackgroundBootcamp.swift in Sources */,
				DFCCD0D52AE79AF7007501E8 /* NavigationViewBootCamp.swift in Sources */,
				63A05B0629D44166002F0FFF /* ShapesBootcamp.swift in Sources */,
				DFDD822C2AEBC986000D133B /* ColorPickerBootCamp.swift in Sources */,
				DFDD82282AEB7A2C000D133B /* ToggleBootcamp.swift in Sources */,
				DFD379472AE13A6E00C80748 /* BindingBootCamp.swift in Sources */,
				DF11B2982AF0F5DB001EBAC3 /* SliderBootcamp.swift in Sources */,
				DFCCD0D72AE7CD73007501E8 /* ListBootCamp.swift in Sources */,
				DFA735D52AFE3C3200E1F924 /* EnvObjBootcamp.swift in Sources */,
				DF3A059B2AFCAFC700A8729C /* ViewModelBootcamp.swift in Sources */,
				63A05ADC29D40A72002F0FFF /* ContentView.swift in Sources */,
				DFB64AD42AFA4F2E00392B3A /* ModelBootcamp.swift in Sources */,
				DF65B3EC2AE62B6F00D7ABBA /* TransitionBootCamp.swift in Sources */,
				DFD83EA42AF50BA4009AB770 /* MarkUpsDocBootcamp.swift in Sources */,
				DF0A1B242ADF987B00FBD23D /* SafeAreaBootcamp.swift in Sources */,
				634F08AD29E800A700DE8CDF /* InitializerBootcamp.swift in Sources */,
				DF2C1FE32AF9FC5400559D3A /* IfLetGuardBootcamp.swift in Sources */,
				DFD379452AE1247500C80748 /* SubViewBootCamp.swift in Sources */,
				DF2C1FE52AFA15A500559D3A /* TapGestureBootcamp.swift in Sources */,
				DF11B29A2AF104AD001EBAC3 /* TabViewPageTabViewBootcamp.swift in Sources */,
				637E36AE29D6EF4000C0DB38 /* FramesBootcamp.swift in Sources */,
				63A05B0429D426B5002F0FFF /* TextBootcamp.swift in Sources */,
				DF0A1B282ADFF64700FBD23D /* StateBootCamp.swift in Sources */,
				DF11B2952AF0DDDC001EBAC3 /* StepperBootcamp.swift in Sources */,
				DF97A7F02AE25745000E0A2E /* AnimationBootCamp.swift in Sources */,
				DFDD82262AEB6FF4000D133B /* TextEditorBootcamp.swift in Sources */,
				DF97A7F22AE29BA6000E0A2E /* AnimationTimingBootCamp.swift in Sources */,
				637E36A829D6AC5300C0DB38 /* GradientBootcamp.swift in Sources */,
				63A05ADA29D40A72002F0FFF /* SwiftUIBootCampApp.swift in Sources */,
				63F2D59729E68FED00326255 /* StacksBootcamp.swift in Sources */,
				637E36AC29D6D9C900C0DB38 /* ImageBootcamp.swift in Sources */,
				637E36AA29D6B64100C0DB38 /* IconsBootcamp.swift in Sources */,
				DFBF43E22AEA183A00AD7792 /* ActionSheetBootcamp.swift in Sources */,
				63F2D59929E6ACE100326255 /* PaddingAndSpacerBootcamp.swift in Sources */,
				DF0A1B262ADFB38F00FBD23D /* ButtonsBootCamp.swift in Sources */,
				DFD379432AE101BC00C80748 /* FunctionViewBootcamp.swift in Sources */,
				DFDD822A2AEBAB99000D133B /* PickerBootcamp.swift in Sources */,
				DFBF43E62AEA6BBA00AD7792 /* TextFieldBootcamp.swift in Sources */,
			);
			runOnlyForDeploymentPostprocessing = 0;
		};
		63A05AE229D40A75002F0FFF /* Sources */ = {
			isa = PBXSourcesBuildPhase;
			buildActionMask = 2147483647;
			files = (
				63A05AEB29D40A75002F0FFF /* SwiftUIBootCampTests.swift in Sources */,
			);
			runOnlyForDeploymentPostprocessing = 0;
		};
		63A05AEC29D40A75002F0FFF /* Sources */ = {
			isa = PBXSourcesBuildPhase;
			buildActionMask = 2147483647;
			files = (
				63A05AF529D40A75002F0FFF /* SwiftUIBootCampUITests.swift in Sources */,
				63A05AF729D40A75002F0FFF /* SwiftUIBootCampUITestsLaunchTests.swift in Sources */,
			);
			runOnlyForDeploymentPostprocessing = 0;
		};
/* End PBXSourcesBuildPhase section */

/* Begin PBXTargetDependency section */
		63A05AE829D40A75002F0FFF /* PBXTargetDependency */ = {
			isa = PBXTargetDependency;
			target = 63A05AD529D40A72002F0FFF /* SwiftUIBootCamp */;
			targetProxy = 63A05AE729D40A75002F0FFF /* PBXContainerItemProxy */;
		};
		63A05AF229D40A75002F0FFF /* PBXTargetDependency */ = {
			isa = PBXTargetDependency;
			target = 63A05AD529D40A72002F0FFF /* SwiftUIBootCamp */;
			targetProxy = 63A05AF129D40A75002F0FFF /* PBXContainerItemProxy */;
		};
/* End PBXTargetDependency section */

/* Begin XCBuildConfiguration section */
		63A05AF829D40A75002F0FFF /* Debug */ = {
			isa = XCBuildConfiguration;
			buildSettings = {
				ALWAYS_SEARCH_USER_PATHS = NO;
				CLANG_ANALYZER_NONNULL = YES;
				CLANG_ANALYZER_NUMBER_OBJECT_CONVERSION = YES_AGGRESSIVE;
				CLANG_CXX_LANGUAGE_STANDARD = "gnu++20";
				CLANG_ENABLE_MODULES = YES;
				CLANG_ENABLE_OBJC_ARC = YES;
				CLANG_ENABLE_OBJC_WEAK = YES;
				CLANG_WARN_BLOCK_CAPTURE_AUTORELEASING = YES;
				CLANG_WARN_BOOL_CONVERSION = YES;
				CLANG_WARN_COMMA = YES;
				CLANG_WARN_CONSTANT_CONVERSION = YES;
				CLANG_WARN_DEPRECATED_OBJC_IMPLEMENTATIONS = YES;
				CLANG_WARN_DIRECT_OBJC_ISA_USAGE = YES_ERROR;
				CLANG_WARN_DOCUMENTATION_COMMENTS = YES;
				CLANG_WARN_EMPTY_BODY = YES;
				CLANG_WARN_ENUM_CONVERSION = YES;
				CLANG_WARN_INFINITE_RECURSION = YES;
				CLANG_WARN_INT_CONVERSION = YES;
				CLANG_WARN_NON_LITERAL_NULL_CONVERSION = YES;
				CLANG_WARN_OBJC_IMPLICIT_RETAIN_SELF = YES;
				CLANG_WARN_OBJC_LITERAL_CONVERSION = YES;
				CLANG_WARN_OBJC_ROOT_CLASS = YES_ERROR;
				CLANG_WARN_QUOTED_INCLUDE_IN_FRAMEWORK_HEADER = YES;
				CLANG_WARN_RANGE_LOOP_ANALYSIS = YES;
				CLANG_WARN_STRICT_PROTOTYPES = YES;
				CLANG_WARN_SUSPICIOUS_MOVE = YES;
				CLANG_WARN_UNGUARDED_AVAILABILITY = YES_AGGRESSIVE;
				CLANG_WARN_UNREACHABLE_CODE = YES;
				CLANG_WARN__DUPLICATE_METHOD_MATCH = YES;
				COPY_PHASE_STRIP = NO;
				DEBUG_INFORMATION_FORMAT = dwarf;
				ENABLE_STRICT_OBJC_MSGSEND = YES;
				ENABLE_TESTABILITY = YES;
				ENABLE_USER_SCRIPT_SANDBOXING = YES;
				GCC_C_LANGUAGE_STANDARD = gnu11;
				GCC_DYNAMIC_NO_PIC = NO;
				GCC_NO_COMMON_BLOCKS = YES;
				GCC_OPTIMIZATION_LEVEL = 0;
				GCC_PREPROCESSOR_DEFINITIONS = (
					"DEBUG=1",
					"$(inherited)",
				);
				GCC_WARN_64_TO_32_BIT_CONVERSION = YES;
				GCC_WARN_ABOUT_RETURN_TYPE = YES_ERROR;
				GCC_WARN_UNDECLARED_SELECTOR = YES;
				GCC_WARN_UNINITIALIZED_AUTOS = YES_AGGRESSIVE;
				GCC_WARN_UNUSED_FUNCTION = YES;
				GCC_WARN_UNUSED_VARIABLE = YES;
				IPHONEOS_DEPLOYMENT_TARGET = 16.2;
				MTL_ENABLE_DEBUG_INFO = INCLUDE_SOURCE;
				MTL_FAST_MATH = YES;
				ONLY_ACTIVE_ARCH = YES;
				SDKROOT = iphoneos;
				SWIFT_ACTIVE_COMPILATION_CONDITIONS = DEBUG;
				SWIFT_OPTIMIZATION_LEVEL = "-Onone";
			};
			name = Debug;
		};
		63A05AF929D40A75002F0FFF /* Release */ = {
			isa = XCBuildConfiguration;
			buildSettings = {
				ALWAYS_SEARCH_USER_PATHS = NO;
				CLANG_ANALYZER_NONNULL = YES;
				CLANG_ANALYZER_NUMBER_OBJECT_CONVERSION = YES_AGGRESSIVE;
				CLANG_CXX_LANGUAGE_STANDARD = "gnu++20";
				CLANG_ENABLE_MODULES = YES;
				CLANG_ENABLE_OBJC_ARC = YES;
				CLANG_ENABLE_OBJC_WEAK = YES;
				CLANG_WARN_BLOCK_CAPTURE_AUTORELEASING = YES;
				CLANG_WARN_BOOL_CONVERSION = YES;
				CLANG_WARN_COMMA = YES;
				CLANG_WARN_CONSTANT_CONVERSION = YES;
				CLANG_WARN_DEPRECATED_OBJC_IMPLEMENTATIONS = YES;
				CLANG_WARN_DIRECT_OBJC_ISA_USAGE = YES_ERROR;
				CLANG_WARN_DOCUMENTATION_COMMENTS = YES;
				CLANG_WARN_EMPTY_BODY = YES;
				CLANG_WARN_ENUM_CONVERSION = YES;
				CLANG_WARN_INFINITE_RECURSION = YES;
				CLANG_WARN_INT_CONVERSION = YES;
				CLANG_WARN_NON_LITERAL_NULL_CONVERSION = YES;
				CLANG_WARN_OBJC_IMPLICIT_RETAIN_SELF = YES;
				CLANG_WARN_OBJC_LITERAL_CONVERSION = YES;
				CLANG_WARN_OBJC_ROOT_CLASS = YES_ERROR;
				CLANG_WARN_QUOTED_INCLUDE_IN_FRAMEWORK_HEADER = YES;
				CLANG_WARN_RANGE_LOOP_ANALYSIS = YES;
				CLANG_WARN_STRICT_PROTOTYPES = YES;
				CLANG_WARN_SUSPICIOUS_MOVE = YES;
				CLANG_WARN_UNGUARDED_AVAILABILITY = YES_AGGRESSIVE;
				CLANG_WARN_UNREACHABLE_CODE = YES;
				CLANG_WARN__DUPLICATE_METHOD_MATCH = YES;
				COPY_PHASE_STRIP = NO;
				DEBUG_INFORMATION_FORMAT = "dwarf-with-dsym";
				ENABLE_NS_ASSERTIONS = NO;
				ENABLE_STRICT_OBJC_MSGSEND = YES;
				ENABLE_USER_SCRIPT_SANDBOXING = YES;
				GCC_C_LANGUAGE_STANDARD = gnu11;
				GCC_NO_COMMON_BLOCKS = YES;
				GCC_WARN_64_TO_32_BIT_CONVERSION = YES;
				GCC_WARN_ABOUT_RETURN_TYPE = YES_ERROR;
				GCC_WARN_UNDECLARED_SELECTOR = YES;
				GCC_WARN_UNINITIALIZED_AUTOS = YES_AGGRESSIVE;
				GCC_WARN_UNUSED_FUNCTION = YES;
				GCC_WARN_UNUSED_VARIABLE = YES;
				IPHONEOS_DEPLOYMENT_TARGET = 16.2;
				MTL_ENABLE_DEBUG_INFO = NO;
				MTL_FAST_MATH = YES;
				SDKROOT = iphoneos;
				SWIFT_COMPILATION_MODE = wholemodule;
				SWIFT_OPTIMIZATION_LEVEL = "-O";
				VALIDATE_PRODUCT = YES;
			};
			name = Release;
		};
		63A05AFB29D40A75002F0FFF /* Debug */ = {
			isa = XCBuildConfiguration;
			buildSettings = {
				ASSETCATALOG_COMPILER_APPICON_NAME = AppIcon;
				ASSETCATALOG_COMPILER_GLOBAL_ACCENT_COLOR_NAME = AccentColor;
				CODE_SIGN_STYLE = Automatic;
				CURRENT_PROJECT_VERSION = 1;
				DEVELOPMENT_ASSET_PATHS = "\"SwiftUIBootCamp/Preview Content\"";
				DEVELOPMENT_TEAM = S3B4UXKMAF;
				ENABLE_PREVIEWS = YES;
				GENERATE_INFOPLIST_FILE = YES;
				INFOPLIST_KEY_CFBundleDisplayName = Bootcamp;
				INFOPLIST_KEY_UIApplicationSceneManifest_Generation = YES;
				INFOPLIST_KEY_UIApplicationSupportsIndirectInputEvents = YES;
				INFOPLIST_KEY_UILaunchScreen_Generation = YES;
				INFOPLIST_KEY_UISupportedInterfaceOrientations_iPad = "UIInterfaceOrientationPortrait UIInterfaceOrientationPortraitUpsideDown UIInterfaceOrientationLandscapeLeft UIInterfaceOrientationLandscapeRight";
				INFOPLIST_KEY_UISupportedInterfaceOrientations_iPhone = "UIInterfaceOrientationPortrait UIInterfaceOrientationLandscapeLeft UIInterfaceOrientationLandscapeRight";
				LD_RUNPATH_SEARCH_PATHS = (
					"$(inherited)",
					"@executable_path/Frameworks",
				);
				MARKETING_VERSION = 1.0;
				PRODUCT_BUNDLE_IDENTIFIER = com.sohel.SwiftUIBootCamp;
				PRODUCT_NAME = "$(TARGET_NAME)";
				SWIFT_EMIT_LOC_STRINGS = YES;
				SWIFT_VERSION = 5.0;
				TARGETED_DEVICE_FAMILY = "1,2";
			};
			name = Debug;
		};
		63A05AFC29D40A75002F0FFF /* Release */ = {
			isa = XCBuildConfiguration;
			buildSettings = {
				ASSETCATALOG_COMPILER_APPICON_NAME = AppIcon;
				ASSETCATALOG_COMPILER_GLOBAL_ACCENT_COLOR_NAME = AccentColor;
				CODE_SIGN_STYLE = Automatic;
				CURRENT_PROJECT_VERSION = 1;
				DEVELOPMENT_ASSET_PATHS = "\"SwiftUIBootCamp/Preview Content\"";
				DEVELOPMENT_TEAM = S3B4UXKMAF;
				ENABLE_PREVIEWS = YES;
				GENERATE_INFOPLIST_FILE = YES;
				INFOPLIST_KEY_CFBundleDisplayName = Bootcamp;
				INFOPLIST_KEY_UIApplicationSceneManifest_Generation = YES;
				INFOPLIST_KEY_UIApplicationSupportsIndirectInputEvents = YES;
				INFOPLIST_KEY_UILaunchScreen_Generation = YES;
				INFOPLIST_KEY_UISupportedInterfaceOrientations_iPad = "UIInterfaceOrientationPortrait UIInterfaceOrientationPortraitUpsideDown UIInterfaceOrientationLandscapeLeft UIInterfaceOrientationLandscapeRight";
				INFOPLIST_KEY_UISupportedInterfaceOrientations_iPhone = "UIInterfaceOrientationPortrait UIInterfaceOrientationLandscapeLeft UIInterfaceOrientationLandscapeRight";
				LD_RUNPATH_SEARCH_PATHS = (
					"$(inherited)",
					"@executable_path/Frameworks",
				);
				MARKETING_VERSION = 1.0;
				PRODUCT_BUNDLE_IDENTIFIER = com.sohel.SwiftUIBootCamp;
				PRODUCT_NAME = "$(TARGET_NAME)";
				SWIFT_EMIT_LOC_STRINGS = YES;
				SWIFT_VERSION = 5.0;
				TARGETED_DEVICE_FAMILY = "1,2";
			};
			name = Release;
		};
		63A05AFE29D40A75002F0FFF /* Debug */ = {
			isa = XCBuildConfiguration;
			buildSettings = {
				ALWAYS_EMBED_SWIFT_STANDARD_LIBRARIES = YES;
				BUNDLE_LOADER = "$(TEST_HOST)";
				CODE_SIGN_STYLE = Automatic;
				CURRENT_PROJECT_VERSION = 1;
				DEVELOPMENT_TEAM = S3B4UXKMAF;
				GENERATE_INFOPLIST_FILE = YES;
				IPHONEOS_DEPLOYMENT_TARGET = 16.2;
				MARKETING_VERSION = 1.0;
				PRODUCT_BUNDLE_IDENTIFIER = com.sohel.SwiftUIBootCampTests;
				PRODUCT_NAME = "$(TARGET_NAME)";
				SWIFT_EMIT_LOC_STRINGS = NO;
				SWIFT_VERSION = 5.0;
				TARGETED_DEVICE_FAMILY = "1,2";
				TEST_HOST = "$(BUILT_PRODUCTS_DIR)/SwiftUIBootCamp.app/$(BUNDLE_EXECUTABLE_FOLDER_PATH)/SwiftUIBootCamp";
			};
			name = Debug;
		};
		63A05AFF29D40A75002F0FFF /* Release */ = {
			isa = XCBuildConfiguration;
			buildSettings = {
				ALWAYS_EMBED_SWIFT_STANDARD_LIBRARIES = YES;
				BUNDLE_LOADER = "$(TEST_HOST)";
				CODE_SIGN_STYLE = Automatic;
				CURRENT_PROJECT_VERSION = 1;
				DEVELOPMENT_TEAM = S3B4UXKMAF;
				GENERATE_INFOPLIST_FILE = YES;
				IPHONEOS_DEPLOYMENT_TARGET = 16.2;
				MARKETING_VERSION = 1.0;
				PRODUCT_BUNDLE_IDENTIFIER = com.sohel.SwiftUIBootCampTests;
				PRODUCT_NAME = "$(TARGET_NAME)";
				SWIFT_EMIT_LOC_STRINGS = NO;
				SWIFT_VERSION = 5.0;
				TARGETED_DEVICE_FAMILY = "1,2";
				TEST_HOST = "$(BUILT_PRODUCTS_DIR)/SwiftUIBootCamp.app/$(BUNDLE_EXECUTABLE_FOLDER_PATH)/SwiftUIBootCamp";
			};
			name = Release;
		};
		63A05B0129D40A75002F0FFF /* Debug */ = {
			isa = XCBuildConfiguration;
			buildSettings = {
				ALWAYS_EMBED_SWIFT_STANDARD_LIBRARIES = YES;
				CODE_SIGN_STYLE = Automatic;
				CURRENT_PROJECT_VERSION = 1;
				DEVELOPMENT_TEAM = S3B4UXKMAF;
				GENERATE_INFOPLIST_FILE = YES;
				MARKETING_VERSION = 1.0;
				PRODUCT_BUNDLE_IDENTIFIER = com.sohel.SwiftUIBootCampUITests;
				PRODUCT_NAME = "$(TARGET_NAME)";
				SWIFT_EMIT_LOC_STRINGS = NO;
				SWIFT_VERSION = 5.0;
				TARGETED_DEVICE_FAMILY = "1,2";
				TEST_TARGET_NAME = SwiftUIBootCamp;
			};
			name = Debug;
		};
		63A05B0229D40A75002F0FFF /* Release */ = {
			isa = XCBuildConfiguration;
			buildSettings = {
				ALWAYS_EMBED_SWIFT_STANDARD_LIBRARIES = YES;
				CODE_SIGN_STYLE = Automatic;
				CURRENT_PROJECT_VERSION = 1;
				DEVELOPMENT_TEAM = S3B4UXKMAF;
				GENERATE_INFOPLIST_FILE = YES;
				MARKETING_VERSION = 1.0;
				PRODUCT_BUNDLE_IDENTIFIER = com.sohel.SwiftUIBootCampUITests;
				PRODUCT_NAME = "$(TARGET_NAME)";
				SWIFT_EMIT_LOC_STRINGS = NO;
				SWIFT_VERSION = 5.0;
				TARGETED_DEVICE_FAMILY = "1,2";
				TEST_TARGET_NAME = SwiftUIBootCamp;
			};
			name = Release;
		};
/* End XCBuildConfiguration section */

/* Begin XCConfigurationList section */
		63A05AD129D40A72002F0FFF /* Build configuration list for PBXProject "SwiftUIBootCamp" */ = {
			isa = XCConfigurationList;
			buildConfigurations = (
				63A05AF829D40A75002F0FFF /* Debug */,
				63A05AF929D40A75002F0FFF /* Release */,
			);
			defaultConfigurationIsVisible = 0;
			defaultConfigurationName = Release;
		};
		63A05AFA29D40A75002F0FFF /* Build configuration list for PBXNativeTarget "SwiftUIBootCamp" */ = {
			isa = XCConfigurationList;
			buildConfigurations = (
				63A05AFB29D40A75002F0FFF /* Debug */,
				63A05AFC29D40A75002F0FFF /* Release */,
			);
			defaultConfigurationIsVisible = 0;
			defaultConfigurationName = Release;
		};
		63A05AFD29D40A75002F0FFF /* Build configuration list for PBXNativeTarget "SwiftUIBootCampTests" */ = {
			isa = XCConfigurationList;
			buildConfigurations = (
				63A05AFE29D40A75002F0FFF /* Debug */,
				63A05AFF29D40A75002F0FFF /* Release */,
			);
			defaultConfigurationIsVisible = 0;
			defaultConfigurationName = Release;
		};
		63A05B0029D40A75002F0FFF /* Build configuration list for PBXNativeTarget "SwiftUIBootCampUITests" */ = {
			isa = XCConfigurationList;
			buildConfigurations = (
				63A05B0129D40A75002F0FFF /* Debug */,
				63A05B0229D40A75002F0FFF /* Release */,
			);
			defaultConfigurationIsVisible = 0;
			defaultConfigurationName = Release;
		};
/* End XCConfigurationList section */
	};
	rootObject = 63A05ACE29D40A72002F0FFF /* Project object */;
}
